
Microsoft Visual Studio Solution File, Format Version 12.00
# Visual Studio Version 16
VisualStudioVersion = 16.0.31515.178
MinimumVisualStudioVersion = 10.0.40219.1
Project("{9A19103F-16F7-4668-BE54-9A1E7A4F7556}") = "ServiceHololensCommunication", "ServiceHololensCommunication.csproj", "{35D64068-3BB5-41A0-A4BD-D050A66A6A76}"
EndProject
Project("{FAE04EC0-301F-11D3-BF4B-00C04F79EFBC}") = "HololensComunicationService.Test", "..\..\..\..\pruebas\webServices\hololensCommunication\HololensComunicationService.Test\HololensComunicationService.Test.csproj", "{1D12811A-45A5-4C0F-B44F-B84F12EB1712}"
EndProject
Global
	GlobalSection(SolutionConfigurationPlatforms) = preSolution
		Debug|Any CPU = Debug|Any CPU
		Release|Any CPU = Release|Any CPU
	EndGlobalSection
	GlobalSection(ProjectConfigurationPlatforms) = postSolution
		{35D64068-3BB5-41A0-A4BD-D050A66A6A76}.Debug|Any CPU.ActiveCfg = Debug|Any CPU
		{35D64068-3BB5-41A0-A4BD-D050A66A6A76}.Debug|Any CPU.Build.0 = Debug|Any CPU
		{35D64068-3BB5-41A0-A4BD-D050A66A6A76}.Release|Any CPU.ActiveCfg = Release|Any CPU
		{35D64068-3BB5-41A0-A4BD-D050A66A6A76}.Release|Any CPU.Build.0 = Release|Any CPU
		{1D12811A-45A5-4C0F-B44F-B84F12EB1712}.Debug|Any CPU.ActiveCfg = Debug|Any CPU
		{1D12811A-45A5-4C0F-B44F-B84F12EB1712}.Debug|Any CPU.Build.0 = Debug|Any CPU
		{1D12811A-45A5-4C0F-B44F-B84F12EB1712}.Release|Any CPU.ActiveCfg = Release|Any CPU
		{1D12811A-45A5-4C0F-B44F-B84F12EB1712}.Release|Any CPU.Build.0 = Release|Any CPU
	EndGlobalSection
	GlobalSection(SolutionProperties) = preSolution
		HideSolutionNode = FALSE
	EndGlobalSection
	GlobalSection(ExtensibilityGlobals) = postSolution
		SolutionGuid = {0A2D2772-C499-4695-AEE7-8C7EA17200B2}
	EndGlobalSection
EndGlobal
